{
  "version": 4,
  "terraform_version": "1.8.3",
  "serial": 169,
  "lineage": "476e1db8-84a1-8e07-7d91-bfe3e907709e",
  "outputs": {},
  "resources": [
    {
      "mode": "managed",
      "type": "google_compute_disk",
      "name": "mysql_disk",
      "provider": "provider[\"registry.terraform.io/hashicorp/google\"]",
      "instances": [
        {
          "schema_version": 0,
          "attributes": {
            "access_mode": "",
            "async_primary_disk": [],
            "creation_timestamp": "2025-02-19T07:44:02.325-08:00",
            "description": "",
            "disk_encryption_key": [],
            "disk_id": "8687281815575610029",
            "effective_labels": {
              "goog-terraform-provisioned": "true"
            },
            "enable_confidential_compute": false,
            "guest_os_features": [],
            "id": "projects/pfs-khalil-jihen/zones/us-central1-a/disks/mysql-disk",
            "image": "",
            "label_fingerprint": "vezUS-42LLM=",
            "labels": null,
            "last_attach_timestamp": "",
            "last_detach_timestamp": "",
            "licenses": [],
            "name": "mysql-disk",
            "physical_block_size_bytes": 4096,
            "project": "pfs-khalil-jihen",
            "provisioned_iops": 0,
            "provisioned_throughput": 0,
            "self_link": "https://www.googleapis.com/compute/v1/projects/pfs-khalil-jihen/zones/us-central1-a/disks/mysql-disk",
            "size": 1,
            "snapshot": "",
            "source_disk": "",
            "source_disk_id": "",
            "source_image_encryption_key": [],
            "source_image_id": "",
            "source_snapshot_encryption_key": [],
            "source_snapshot_id": "",
            "storage_pool": "",
            "terraform_labels": {
              "goog-terraform-provisioned": "true"
            },
            "timeouts": null,
            "type": "pd-standard",
            "users": [],
            "zone": "us-central1-a"
          },
          "sensitive_attributes": [],
          "private": "eyJlMmJmYjczMC1lY2FhLTExZTYtOGY4OC0zNDM2M2JjN2M0YzAiOnsiY3JlYXRlIjoxMjAwMDAwMDAwMDAwLCJkZWxldGUiOjEyMDAwMDAwMDAwMDAsInVwZGF0ZSI6MTIwMDAwMDAwMDAwMH19"
        }
      ]
    },
    {
      "mode": "managed",
      "type": "google_container_cluster",
      "name": "my-cluster",
      "provider": "provider[\"registry.terraform.io/hashicorp/google\"]",
      "instances": [
        {
          "schema_version": 2,
          "attributes": {
            "addons_config": [
              {
                "cloudrun_config": [],
                "config_connector_config": [],
                "dns_cache_config": [],
                "gce_persistent_disk_csi_driver_config": [
                  {
                    "enabled": true
                  }
                ],
                "gcp_filestore_csi_driver_config": [],
                "gcs_fuse_csi_driver_config": [],
                "gke_backup_agent_config": [],
                "horizontal_pod_autoscaling": [],
                "http_load_balancing": [],
                "network_policy_config": [
                  {
                    "disabled": true
                  }
                ],
                "parallelstore_csi_driver_config": [],
                "ray_operator_config": [],
                "stateful_ha_config": []
              }
            ],
            "allow_net_admin": null,
            "authenticator_groups_config": [],
            "binary_authorization": [
              {
                "enabled": false,
                "evaluation_mode": ""
              }
            ],
            "cluster_autoscaling": [
              {
                "auto_provisioning_defaults": [],
                "auto_provisioning_locations": [],
                "autoscaling_profile": "BALANCED",
                "enabled": false,
                "resource_limits": []
              }
            ],
            "cluster_ipv4_cidr": "10.12.0.0/14",
            "confidential_nodes": [],
            "control_plane_endpoints_config": [
              {
                "dns_endpoint_config": [
                  {
                    "allow_external_traffic": false,
                    "endpoint": "gke-1d1c943a6c4746ec8ac8a33539fa02234801-1062466144526.us-central1-a.gke.goog"
                  }
                ]
              }
            ],
            "cost_management_config": [],
            "database_encryption": [
              {
                "key_name": "",
                "state": "DECRYPTED"
              }
            ],
            "datapath_provider": "",
            "default_max_pods_per_node": 110,
            "default_snat_status": [
              {
                "disabled": false
              }
            ],
            "deletion_protection": false,
            "description": "",
            "dns_config": [],
            "effective_labels": {
              "goog-terraform-provisioned": "true"
            },
            "enable_autopilot": false,
            "enable_cilium_clusterwide_network_policy": false,
            "enable_fqdn_network_policy": false,
            "enable_intranode_visibility": false,
            "enable_k8s_beta_apis": [],
            "enable_kubernetes_alpha": false,
            "enable_l4_ilb_subsetting": false,
            "enable_legacy_abac": false,
            "enable_multi_networking": false,
            "enable_shielded_nodes": true,
            "enable_tpu": false,
            "endpoint": "34.42.3.196",
            "enterprise_config": [
              {
                "cluster_tier": "STANDARD",
                "desired_tier": ""
              }
            ],
            "fleet": [],
            "gateway_api_config": [],
            "id": "projects/pfs-khalil-jihen/locations/us-central1-a/clusters/my-cluster",
            "identity_service_config": [],
            "initial_node_count": 3,
            "ip_allocation_policy": [
              {
                "additional_pod_ranges_config": [],
                "cluster_ipv4_cidr_block": "10.12.0.0/14",
                "cluster_secondary_range_name": "gke-my-cluster-pods-1d1c943a",
                "pod_cidr_overprovision_config": [
                  {
                    "disabled": false
                  }
                ],
                "services_ipv4_cidr_block": "34.118.224.0/20",
                "services_secondary_range_name": "",
                "stack_type": "IPV4"
              }
            ],
            "label_fingerprint": "78cdf2f6",
            "location": "us-central1-a",
            "logging_config": [
              {
                "enable_components": [
                  "SYSTEM_COMPONENTS",
                  "WORKLOADS"
                ]
              }
            ],
            "logging_service": "logging.googleapis.com/kubernetes",
            "maintenance_policy": [],
            "master_auth": [
              {
                "client_certificate": "",
                "client_certificate_config": [
                  {
                    "issue_client_certificate": false
                  }
                ],
                "client_key": "",
                "cluster_ca_certificate": "LS0tLS1CRUdJTiBDRVJUSUZJQ0FURS0tLS0tCk1JSUVMRENDQXBTZ0F3SUJBZ0lRV1pLR2N2S1FqWjBGWDkzVnpPc29kVEFOQmdrcWhraUc5dzBCQVFzRkFEQXYKTVMwd0t3WURWUVFERXlRNVpHUTJZelE0T1MwMk9XSTNMVFJtTXpjdE9HUXhaUzB4WWpjNFpUZGhPVFU0T0dJdwpJQmNOTWpVd01qRTVNVFEwTkRBeldoZ1BNakExTlRBeU1USXhOVFEwTUROYU1DOHhMVEFyQmdOVkJBTVRKRGxrClpEWmpORGc1TFRZNVlqY3ROR1l6TnkwNFpERmxMVEZpTnpobE4yRTVOVGc0WWpDQ0FhSXdEUVlKS29aSWh2Y04KQVFFQkJRQURnZ0dQQURDQ0FZb0NnZ0dCQUt1S2ZBNVVpQlQ0QWhuUmpsWHl3bGNiVFRZc0R5RjJ0YTc0bmV2WgpVbHBGV1BBRVZDazkwaXdqUTgrMlpmK2xXc2l1azFTQTNUWGloTStjY1hlUzRZYnpkenZvUGhVRUhtZDA0Rzd3ClAxUm9GTFhsN1dHR1JHTHpsNExUTUZsenFaZXVQbEhmWkQxL3VLQTQzQS8wOHV6V05zWUVPdDg1aEorK2dCbEUKdnhINGRpd2pnbTIrZEZBakJEOU80UVBpbVM0NHdBbm5NQjVJNmxkV2NZN2FaOEdFd2RXb29zMnhlcFJRN3UwdQpsOHkyNldKeUt2QzE3VGREUkx4T0VRRE03WTB2NzNkNlg1T29xM2lBcUZsR3dCY0FuWldaa0xTQ0UxNXRocVZHClhERUFkWXA4QlpRNldIWDVxQzlyclN6dkF5WVJ0anMwT3BickZTVXg3T240ejBhNklhUkdIdC9wTE5oQWpyR1oKQWRiQTRVV2RRMEtBWitzRFNHaFBEKzBacFphbko0dVFQVW10S0ZjT0lDR2M2VnV0Q3p3M2VuTythZGR1ckM1VgpVVDYwbDBOQ0wzUUtBWmR1VFgxaGlmQm9FWXMxYXdXYVdZcGVhUENOZDU1dnp4RFM4SWQ1MkhtRVV4NnBHdTQxCkhlN3NzR0hkTEx1RlFKOWFFTW1HRUg2QmVRSURBUUFCbzBJd1FEQU9CZ05WSFE4QkFmOEVCQU1DQWdRd0R3WUQKVlIwVEFRSC9CQVV3QXdFQi96QWRCZ05WSFE0RUZnUVVLVEkyYzFvVTFUdURzR0pUTjh2Uk5BUHppNGd3RFFZSgpLb1pJaHZjTkFRRUxCUUFEZ2dHQkFGZkFVY1p4YzJ0ZHhGb09NNzlMTHdYTkhhWmIyNGt3OHpqcm1kdDdXWGRZCnFQOWtFUE1ualJhaGNYL2JpdnJWUG9nTjV2RnFRRjVaWGNpdFlldzM4NFhqWUlwYmtwNEc3Q25MQXIvSHI2SHQKdjdsa2h0eUlLeEYvV1RrZFhFMUsxTHZJNnZGYVJOT2NyU1A1Q1VrQTE3TENyb3lzMlJpci80K0N3SXVzekFsUwpEQ1hKSGxHS0V2b0U3VDJGb1FCaHdhRVNMV1RxZzY1bWQ3c1RaT0xOUklPb2hQQmsrNzNIR1dGRGVRMWRyNmp3CmZkV3lvdHpJbURJZHdjclcwajVSS3piSmR6b2NHanJ3ZHJxZGRFOHREYVhNLzF0SU1YcmxWR05ybkc3NUwrdUgKWGNRY2w4RW5oM243U25RYWVuYUFLUWtuMTVxZ3Y5dEdTOHRNTVFjMjhQbEVMTTdTUSt3UkJaOTh6b001TWNrcgpEL1I4L1VQY0JHZlRveGd2TE9SbTRhYUJ0YzNuNWdSSzlURXJXMFk4QmZ3blhSYno1ZXpxL3ZWb2xPS3g2MVNkClU2cjBzbzF0K0RhN1VsVzRyeVYwRVdDTHJ0RnBaYlRwNHRxRytTSTNmV3JDZG1HSVNScWNkTEdPejl1cFFpSVUKZDN6UFJIRWhjU2YvZFVtcjFCQ1Zjdz09Ci0tLS0tRU5EIENFUlRJRklDQVRFLS0tLS0K"
              }
            ],
            "master_authorized_networks_config": [],
            "master_version": "1.31.5-gke.1023000",
            "mesh_certificates": [],
            "min_master_version": null,
            "monitoring_config": [
              {
                "advanced_datapath_observability_config": [
                  {
                    "enable_metrics": false,
                    "enable_relay": false
                  }
                ],
                "enable_components": [
                  "SYSTEM_COMPONENTS",
                  "DEPLOYMENT",
                  "STATEFULSET",
                  "STORAGE",
                  "HPA",
                  "POD",
                  "DAEMONSET",
                  "CADVISOR",
                  "KUBELET"
                ],
                "managed_prometheus": [
                  {
                    "enabled": true
                  }
                ]
              }
            ],
            "monitoring_service": "monitoring.googleapis.com/kubernetes",
            "name": "my-cluster",
            "network": "projects/pfs-khalil-jihen/global/networks/default",
            "network_policy": [
              {
                "enabled": false,
                "provider": "PROVIDER_UNSPECIFIED"
              }
            ],
            "networking_mode": "VPC_NATIVE",
            "node_config": [],
            "node_locations": [],
            "node_pool": [],
            "node_pool_auto_config": [],
            "node_pool_defaults": [
              {
                "node_config_defaults": [
                  {
                    "containerd_config": [],
                    "gcfs_config": [],
                    "insecure_kubelet_readonly_port_enabled": "FALSE",
                    "logging_variant": "DEFAULT"
                  }
                ]
              }
            ],
            "node_version": "1.31.5-gke.1023000",
            "notification_config": [
              {
                "pubsub": [
                  {
                    "enabled": false,
                    "filter": [],
                    "topic": ""
                  }
                ]
              }
            ],
            "operation": null,
            "private_cluster_config": [
              {
                "enable_private_endpoint": false,
                "enable_private_nodes": false,
                "master_global_access_config": [
                  {
                    "enabled": false
                  }
                ],
                "master_ipv4_cidr_block": "",
                "peering_name": "",
                "private_endpoint": "10.128.0.63",
                "private_endpoint_subnetwork": "",
                "public_endpoint": "34.42.3.196"
              }
            ],
            "private_ipv6_google_access": "",
            "project": "pfs-khalil-jihen",
            "release_channel": [
              {
                "channel": "REGULAR"
              }
            ],
            "remove_default_node_pool": true,
            "resource_labels": null,
            "resource_usage_export_config": [],
            "secret_manager_config": [
              {
                "enabled": false
              }
            ],
            "security_posture_config": [
              {
                "mode": "BASIC",
                "vulnerability_mode": "VULNERABILITY_MODE_UNSPECIFIED"
              }
            ],
            "self_link": "https://container.googleapis.com/v1/projects/pfs-khalil-jihen/zones/us-central1-a/clusters/my-cluster",
            "service_external_ips_config": [
              {
                "enabled": false
              }
            ],
            "services_ipv4_cidr": "34.118.224.0/20",
            "subnetwork": "projects/pfs-khalil-jihen/regions/us-central1/subnetworks/default",
            "terraform_labels": {
              "goog-terraform-provisioned": "true"
            },
            "timeouts": null,
            "tpu_ipv4_cidr_block": "",
            "user_managed_keys_config": [],
            "vertical_pod_autoscaling": [],
            "workload_identity_config": []
          },
          "sensitive_attributes": [
            [
              {
                "type": "get_attr",
                "value": "master_auth"
              },
              {
                "type": "index",
                "value": {
                  "value": 0,
                  "type": "number"
                }
              },
              {
                "type": "get_attr",
                "value": "client_key"
              }
            ]
          ],
          "private": "eyJlMmJmYjczMC1lY2FhLTExZTYtOGY4OC0zNDM2M2JjN2M0YzAiOnsiY3JlYXRlIjoyNDAwMDAwMDAwMDAwLCJkZWxldGUiOjI0MDAwMDAwMDAwMDAsInJlYWQiOjI0MDAwMDAwMDAwMDAsInVwZGF0ZSI6MzYwMDAwMDAwMDAwMH0sInNjaGVtYV92ZXJzaW9uIjoiMiJ9"
        }
      ]
    },
    {
      "mode": "managed",
      "type": "google_container_node_pool",
      "name": "my-node-pool",
      "provider": "provider[\"registry.terraform.io/hashicorp/google\"]",
      "instances": [
        {
          "schema_version": 1,
          "attributes": {
            "autoscaling": [],
            "cluster": "my-cluster",
            "id": "projects/pfs-khalil-jihen/locations/us-central1-a/clusters/my-cluster/nodePools/my-node-pool",
            "initial_node_count": 3,
            "instance_group_urls": [
              "https://www.googleapis.com/compute/v1/projects/pfs-khalil-jihen/zones/us-central1-a/instanceGroupManagers/gke-my-cluster-my-node-pool-2c331863-grp"
            ],
            "location": "us-central1-a",
            "managed_instance_group_urls": [
              "https://www.googleapis.com/compute/v1/projects/pfs-khalil-jihen/zones/us-central1-a/instanceGroups/gke-my-cluster-my-node-pool-2c331863-grp"
            ],
            "management": [
              {
                "auto_repair": true,
                "auto_upgrade": true
              }
            ],
            "max_pods_per_node": 110,
            "name": "my-node-pool",
            "name_prefix": "",
            "network_config": [
              {
                "additional_node_network_configs": [],
                "additional_pod_network_configs": [],
                "create_pod_range": false,
                "enable_private_nodes": false,
                "network_performance_config": [],
                "pod_cidr_overprovision_config": [],
                "pod_ipv4_cidr_block": "10.12.0.0/14",
                "pod_range": "gke-my-cluster-pods-1d1c943a"
              }
            ],
            "node_config": [
              {
                "advanced_machine_features": [],
                "boot_disk_kms_key": "",
                "confidential_nodes": [],
                "containerd_config": [],
                "disk_size_gb": 100,
                "disk_type": "pd-balanced",
                "effective_taints": [],
                "enable_confidential_storage": false,
                "ephemeral_storage_local_ssd_config": [],
                "fast_socket": [],
                "gcfs_config": [],
                "guest_accelerator": [],
                "gvnic": [],
                "host_maintenance_policy": [],
                "image_type": "COS_CONTAINERD",
                "kubelet_config": [
                  {
                    "cpu_cfs_quota": false,
                    "cpu_cfs_quota_period": "",
                    "cpu_manager_policy": "",
                    "insecure_kubelet_readonly_port_enabled": "TRUE",
                    "pod_pids_limit": 0
                  }
                ],
                "labels": {},
                "linux_node_config": [],
                "local_nvme_ssd_block_config": [],
                "local_ssd_count": 0,
                "local_ssd_encryption_mode": "",
                "logging_variant": "DEFAULT",
                "machine_type": "e2-medium",
                "metadata": {
                  "disable-legacy-endpoints": "true"
                },
                "min_cpu_platform": "",
                "node_group": "",
                "oauth_scopes": [
                  "https://www.googleapis.com/auth/devstorage.read_only",
                  "https://www.googleapis.com/auth/logging.write",
                  "https://www.googleapis.com/auth/monitoring",
                  "https://www.googleapis.com/auth/service.management.readonly",
                  "https://www.googleapis.com/auth/servicecontrol",
                  "https://www.googleapis.com/auth/trace.append"
                ],
                "preemptible": true,
                "reservation_affinity": [],
                "resource_labels": {
                  "goog-gke-node-pool-provisioning-model": "spot"
                },
                "resource_manager_tags": null,
                "secondary_boot_disks": [],
                "service_account": "default",
                "shielded_instance_config": [
                  {
                    "enable_integrity_monitoring": true,
                    "enable_secure_boot": false
                  }
                ],
                "sole_tenant_config": [],
                "spot": false,
                "storage_pools": null,
                "tags": null,
                "taint": [],
                "workload_metadata_config": []
              }
            ],
            "node_count": 3,
            "node_locations": [
              "us-central1-a"
            ],
            "operation": null,
            "placement_policy": [],
            "project": "pfs-khalil-jihen",
            "queued_provisioning": [],
            "timeouts": null,
            "upgrade_settings": [
              {
                "blue_green_settings": [],
                "max_surge": 1,
                "max_unavailable": 0,
                "strategy": "SURGE"
              }
            ],
            "version": "1.31.5-gke.1023000"
          },
          "sensitive_attributes": [],
          "private": "eyJlMmJmYjczMC1lY2FhLTExZTYtOGY4OC0zNDM2M2JjN2M0YzAiOnsiY3JlYXRlIjoxODAwMDAwMDAwMDAwLCJkZWxldGUiOjE4MDAwMDAwMDAwMDAsInVwZGF0ZSI6MTgwMDAwMDAwMDAwMH0sInNjaGVtYV92ZXJzaW9uIjoiMSJ9",
          "dependencies": [
            "google_container_cluster.my-cluster"
          ]
        }
      ]
    }
  ],
  "check_results": null
}
